
Microsoft Visual Studio Solution File, Format Version 12.00
# Visual Studio Version 17
VisualStudioVersion = 17.2.32505.173
MinimumVisualStudioVersion = 10.0.40219.1
Project("{FAE04EC0-301F-11D3-BF4B-00C04F79EFBC}") = "homework3", "homework3\homework3.csproj", "{747A5E06-CAFA-4A72-88A2-47E73B7CBAEB}"
EndProject
Global
	GlobalSection(SolutionConfigurationPlatforms) = preSolution
		Debug|Any CPU = Debug|Any CPU
		Release|Any CPU = Release|Any CPU
	EndGlobalSection
	GlobalSection(ProjectConfigurationPlatforms) = postSolution
		{747A5E06-CAFA-4A72-88A2-47E73B7CBAEB}.Debug|Any CPU.ActiveCfg = Debug|Any CPU
		{747A5E06-CAFA-4A72-88A2-47E73B7CBAEB}.Debug|Any CPU.Build.0 = Debug|Any CPU
		{747A5E06-CAFA-4A72-88A2-47E73B7CBAEB}.Release|Any CPU.ActiveCfg = Release|Any CPU
		{747A5E06-CAFA-4A72-88A2-47E73B7CBAEB}.Release|Any CPU.Build.0 = Release|Any CPU
	EndGlobalSection
	GlobalSection(SolutionProperties) = preSolution
		HideSolutionNode = FALSE
	EndGlobalSection
	GlobalSection(ExtensibilityGlobals) = postSolution
		SolutionGuid = {042202C5-4F91-4901-8447-72405EB826E2}
	EndGlobalSection
EndGlobal
