
Microsoft Visual Studio Solution File, Format Version 12.00
# Visual Studio Version 17
VisualStudioVersion = 17.2.32505.173
MinimumVisualStudioVersion = 10.0.40219.1
Project("{FAE04EC0-301F-11D3-BF4B-00C04F79EFBC}") = "BookLibraryHM10", "BookLibraryHM10.csproj", "{E8604DDD-041B-49F0-8434-4F216299401B}"
EndProject
Project("{FAE04EC0-301F-11D3-BF4B-00C04F79EFBC}") = "LibraryDataAccess", "LibraryDataAccess\LibraryDataAccess.csproj", "{F3976D57-26D9-424B-851A-7A6D998B086F}"
EndProject
Project("{FAE04EC0-301F-11D3-BF4B-00C04F79EFBC}") = "LibraryEntities", "LibraryEntities\LibraryEntities.csproj", "{1A599490-460A-42DE-B694-BDAF52B97AC7}"
EndProject
Project("{FAE04EC0-301F-11D3-BF4B-00C04F79EFBC}") = "LibraryServises", "LibraryServises\LibraryServises.csproj", "{7BCD22E7-7DFC-4A8B-9008-6DEFAEC5A4B2}"
EndProject
Global
	GlobalSection(SolutionConfigurationPlatforms) = preSolution
		Debug|Any CPU = Debug|Any CPU
		Release|Any CPU = Release|Any CPU
	EndGlobalSection
	GlobalSection(ProjectConfigurationPlatforms) = postSolution
		{E8604DDD-041B-49F0-8434-4F216299401B}.Debug|Any CPU.ActiveCfg = Debug|Any CPU
		{E8604DDD-041B-49F0-8434-4F216299401B}.Debug|Any CPU.Build.0 = Debug|Any CPU
		{E8604DDD-041B-49F0-8434-4F216299401B}.Release|Any CPU.ActiveCfg = Release|Any CPU
		{E8604DDD-041B-49F0-8434-4F216299401B}.Release|Any CPU.Build.0 = Release|Any CPU
		{F3976D57-26D9-424B-851A-7A6D998B086F}.Debug|Any CPU.ActiveCfg = Debug|Any CPU
		{F3976D57-26D9-424B-851A-7A6D998B086F}.Debug|Any CPU.Build.0 = Debug|Any CPU
		{F3976D57-26D9-424B-851A-7A6D998B086F}.Release|Any CPU.ActiveCfg = Release|Any CPU
		{F3976D57-26D9-424B-851A-7A6D998B086F}.Release|Any CPU.Build.0 = Release|Any CPU
		{1A599490-460A-42DE-B694-BDAF52B97AC7}.Debug|Any CPU.ActiveCfg = Debug|Any CPU
		{1A599490-460A-42DE-B694-BDAF52B97AC7}.Debug|Any CPU.Build.0 = Debug|Any CPU
		{1A599490-460A-42DE-B694-BDAF52B97AC7}.Release|Any CPU.ActiveCfg = Release|Any CPU
		{1A599490-460A-42DE-B694-BDAF52B97AC7}.Release|Any CPU.Build.0 = Release|Any CPU
		{7BCD22E7-7DFC-4A8B-9008-6DEFAEC5A4B2}.Debug|Any CPU.ActiveCfg = Debug|Any CPU
		{7BCD22E7-7DFC-4A8B-9008-6DEFAEC5A4B2}.Debug|Any CPU.Build.0 = Debug|Any CPU
		{7BCD22E7-7DFC-4A8B-9008-6DEFAEC5A4B2}.Release|Any CPU.ActiveCfg = Release|Any CPU
		{7BCD22E7-7DFC-4A8B-9008-6DEFAEC5A4B2}.Release|Any CPU.Build.0 = Release|Any CPU
	EndGlobalSection
	GlobalSection(SolutionProperties) = preSolution
		HideSolutionNode = FALSE
	EndGlobalSection
	GlobalSection(ExtensibilityGlobals) = postSolution
		SolutionGuid = {0FC6847B-398E-4065-A8A9-8D4F4DF14A72}
	EndGlobalSection
EndGlobal
